
Microsoft Visual Studio Solution File, Format Version 12.00
# Visual Studio Version 17
VisualStudioVersion = 17.8.34309.116
MinimumVisualStudioVersion = 10.0.40219.1
Project("{2150E333-8FDC-42A3-9474-1A3956D46DE8}") = "Lab1", "Lab1", "{08BEE410-6A0C-4BF6-AA1B-3E5CAA908C8F}"
EndProject
Project("{FAE04EC0-301F-11D3-BF4B-00C04F79EFBC}") = "App", "Lab1\App\App.csproj", "{4A502C8F-E492-4276-B886-3F854114D13B}"
EndProject
Project("{2150E333-8FDC-42A3-9474-1A3956D46DE8}") = "Lab2", "Lab2", "{9F537A71-A6C2-4869-BE31-503DD69CF21C}"
EndProject
Project("{FAE04EC0-301F-11D3-BF4B-00C04F79EFBC}") = "App", "Lab2\App\App.csproj", "{EF518662-14DC-4DDA-AA49-95930B546964}"
EndProject
Project("{2150E333-8FDC-42A3-9474-1A3956D46DE8}") = "Lab3", "Lab3", "{ECCABB11-DDE2-4975-98D4-8BA3424E2A8E}"
EndProject
Project("{FAE04EC0-301F-11D3-BF4B-00C04F79EFBC}") = "App", "Lab3\App\App.csproj", "{94446D14-DF8D-4536-ADB3-F4814B89FF5A}"
EndProject
Project("{FAE04EC0-301F-11D3-BF4B-00C04F79EFBC}") = "Tests", "Lab1\Tests\Tests.csproj", "{E56344DC-6BE4-4374-BC5C-E16F235E113B}"
EndProject
Project("{FAE04EC0-301F-11D3-BF4B-00C04F79EFBC}") = "Tests", "Lab2\Tests\Tests.csproj", "{0D1A9E2A-5B78-4DFD-A868-A9D00BF534C7}"
EndProject
Project("{FAE04EC0-301F-11D3-BF4B-00C04F79EFBC}") = "Tests", "Lab3\Tests\Tests.csproj", "{550B1454-6A9B-4A46-9D53-6EDE314F10FD}"
EndProject
Project("{2150E333-8FDC-42A3-9474-1A3956D46DE8}") = "Lab4", "Lab4", "{FBCA5732-5477-4397-B4C4-16B0E97B2321}"
EndProject
Project("{FAE04EC0-301F-11D3-BF4B-00C04F79EFBC}") = "Library", "Lab4\Library\Library.csproj", "{EC26A6BA-A2B6-4918-B8A4-4678B342CB9C}"
EndProject
Project("{FAE04EC0-301F-11D3-BF4B-00C04F79EFBC}") = "V_Pataman", "Lab4\App\V_Pataman.csproj", "{ADA67436-9107-42A3-9152-B6A7CAA421E7}"
EndProject
Project("{2150E333-8FDC-42A3-9474-1A3956D46DE8}") = "Lab5", "Lab5", "{E3C2A91F-AABB-455A-89FA-90907155E88E}"
EndProject
Project("{FAE04EC0-301F-11D3-BF4B-00C04F79EFBC}") = "Library", "Lab5\Library\Library.csproj", "{AB0B8D22-DB73-4882-BF21-D69F7A167092}"
EndProject
Project("{FAE04EC0-301F-11D3-BF4B-00C04F79EFBC}") = "WebApp", "Lab5\WebApp\WebApp.csproj", "{B493E526-B02B-4931-8E7E-F19EB8F7851F}"
EndProject
Global
	GlobalSection(SolutionConfigurationPlatforms) = preSolution
		Debug|Any CPU = Debug|Any CPU
		Release|Any CPU = Release|Any CPU
	EndGlobalSection
	GlobalSection(ProjectConfigurationPlatforms) = postSolution
		{17C6AA17-12FB-4256-B785-F85063B7476B}.Debug|Any CPU.ActiveCfg = Debug|Any CPU
		{17C6AA17-12FB-4256-B785-F85063B7476B}.Debug|Any CPU.Build.0 = Debug|Any CPU
		{17C6AA17-12FB-4256-B785-F85063B7476B}.Release|Any CPU.ActiveCfg = Release|Any CPU
		{17C6AA17-12FB-4256-B785-F85063B7476B}.Release|Any CPU.Build.0 = Release|Any CPU
		{4A502C8F-E492-4276-B886-3F854114D13B}.Debug|Any CPU.ActiveCfg = Debug|Any CPU
		{4A502C8F-E492-4276-B886-3F854114D13B}.Debug|Any CPU.Build.0 = Debug|Any CPU
		{4A502C8F-E492-4276-B886-3F854114D13B}.Release|Any CPU.ActiveCfg = Release|Any CPU
		{4A502C8F-E492-4276-B886-3F854114D13B}.Release|Any CPU.Build.0 = Release|Any CPU
		{EF518662-14DC-4DDA-AA49-95930B546964}.Debug|Any CPU.ActiveCfg = Debug|Any CPU
		{EF518662-14DC-4DDA-AA49-95930B546964}.Debug|Any CPU.Build.0 = Debug|Any CPU
		{EF518662-14DC-4DDA-AA49-95930B546964}.Release|Any CPU.ActiveCfg = Release|Any CPU
		{EF518662-14DC-4DDA-AA49-95930B546964}.Release|Any CPU.Build.0 = Release|Any CPU
		{94446D14-DF8D-4536-ADB3-F4814B89FF5A}.Debug|Any CPU.ActiveCfg = Debug|Any CPU
		{94446D14-DF8D-4536-ADB3-F4814B89FF5A}.Debug|Any CPU.Build.0 = Debug|Any CPU
		{94446D14-DF8D-4536-ADB3-F4814B89FF5A}.Release|Any CPU.ActiveCfg = Release|Any CPU
		{94446D14-DF8D-4536-ADB3-F4814B89FF5A}.Release|Any CPU.Build.0 = Release|Any CPU
		{E56344DC-6BE4-4374-BC5C-E16F235E113B}.Debug|Any CPU.ActiveCfg = Debug|Any CPU
		{E56344DC-6BE4-4374-BC5C-E16F235E113B}.Debug|Any CPU.Build.0 = Debug|Any CPU
		{E56344DC-6BE4-4374-BC5C-E16F235E113B}.Release|Any CPU.ActiveCfg = Release|Any CPU
		{E56344DC-6BE4-4374-BC5C-E16F235E113B}.Release|Any CPU.Build.0 = Release|Any CPU
		{0D1A9E2A-5B78-4DFD-A868-A9D00BF534C7}.Debug|Any CPU.ActiveCfg = Debug|Any CPU
		{0D1A9E2A-5B78-4DFD-A868-A9D00BF534C7}.Debug|Any CPU.Build.0 = Debug|Any CPU
		{0D1A9E2A-5B78-4DFD-A868-A9D00BF534C7}.Release|Any CPU.ActiveCfg = Release|Any CPU
		{0D1A9E2A-5B78-4DFD-A868-A9D00BF534C7}.Release|Any CPU.Build.0 = Release|Any CPU
		{550B1454-6A9B-4A46-9D53-6EDE314F10FD}.Debug|Any CPU.ActiveCfg = Debug|Any CPU
		{550B1454-6A9B-4A46-9D53-6EDE314F10FD}.Debug|Any CPU.Build.0 = Debug|Any CPU
		{550B1454-6A9B-4A46-9D53-6EDE314F10FD}.Release|Any CPU.ActiveCfg = Release|Any CPU
		{550B1454-6A9B-4A46-9D53-6EDE314F10FD}.Release|Any CPU.Build.0 = Release|Any CPU
		{EC26A6BA-A2B6-4918-B8A4-4678B342CB9C}.Debug|Any CPU.ActiveCfg = Debug|Any CPU
		{EC26A6BA-A2B6-4918-B8A4-4678B342CB9C}.Debug|Any CPU.Build.0 = Debug|Any CPU
		{EC26A6BA-A2B6-4918-B8A4-4678B342CB9C}.Release|Any CPU.ActiveCfg = Release|Any CPU
		{EC26A6BA-A2B6-4918-B8A4-4678B342CB9C}.Release|Any CPU.Build.0 = Release|Any CPU
		{ADA67436-9107-42A3-9152-B6A7CAA421E7}.Debug|Any CPU.ActiveCfg = Debug|Any CPU
		{ADA67436-9107-42A3-9152-B6A7CAA421E7}.Debug|Any CPU.Build.0 = Debug|Any CPU
		{ADA67436-9107-42A3-9152-B6A7CAA421E7}.Release|Any CPU.ActiveCfg = Release|Any CPU
		{ADA67436-9107-42A3-9152-B6A7CAA421E7}.Release|Any CPU.Build.0 = Release|Any CPU
		{AB0B8D22-DB73-4882-BF21-D69F7A167092}.Debug|Any CPU.ActiveCfg = Debug|Any CPU
		{AB0B8D22-DB73-4882-BF21-D69F7A167092}.Debug|Any CPU.Build.0 = Debug|Any CPU
		{AB0B8D22-DB73-4882-BF21-D69F7A167092}.Release|Any CPU.ActiveCfg = Release|Any CPU
		{AB0B8D22-DB73-4882-BF21-D69F7A167092}.Release|Any CPU.Build.0 = Release|Any CPU
		{B493E526-B02B-4931-8E7E-F19EB8F7851F}.Debug|Any CPU.ActiveCfg = Debug|Any CPU
		{B493E526-B02B-4931-8E7E-F19EB8F7851F}.Debug|Any CPU.Build.0 = Debug|Any CPU
		{B493E526-B02B-4931-8E7E-F19EB8F7851F}.Release|Any CPU.ActiveCfg = Release|Any CPU
		{B493E526-B02B-4931-8E7E-F19EB8F7851F}.Release|Any CPU.Build.0 = Release|Any CPU
	EndGlobalSection
	GlobalSection(SolutionProperties) = preSolution
		HideSolutionNode = FALSE
	EndGlobalSection
	GlobalSection(ExtensibilityGlobals) = postSolution
		SolutionGuid = {9AF4D431-9AF0-46FF-BE3D-AB8B4B8FBEA8}
	EndGlobalSection
	GlobalSection(NestedProjects) = preSolution
		{4A502C8F-E492-4276-B886-3F854114D13B} = {08BEE410-6A0C-4BF6-AA1B-3E5CAA908C8F}
		{EF518662-14DC-4DDA-AA49-95930B546964} = {9F537A71-A6C2-4869-BE31-503DD69CF21C}
		{94446D14-DF8D-4536-ADB3-F4814B89FF5A} = {ECCABB11-DDE2-4975-98D4-8BA3424E2A8E}
		{E56344DC-6BE4-4374-BC5C-E16F235E113B} = {08BEE410-6A0C-4BF6-AA1B-3E5CAA908C8F}
		{0D1A9E2A-5B78-4DFD-A868-A9D00BF534C7} = {9F537A71-A6C2-4869-BE31-503DD69CF21C}
		{550B1454-6A9B-4A46-9D53-6EDE314F10FD} = {ECCABB11-DDE2-4975-98D4-8BA3424E2A8E}
		{EC26A6BA-A2B6-4918-B8A4-4678B342CB9C} = {FBCA5732-5477-4397-B4C4-16B0E97B2321}
		{ADA67436-9107-42A3-9152-B6A7CAA421E7} = {FBCA5732-5477-4397-B4C4-16B0E97B2321}
		{AB0B8D22-DB73-4882-BF21-D69F7A167092} = {E3C2A91F-AABB-455A-89FA-90907155E88E}
		{B493E526-B02B-4931-8E7E-F19EB8F7851F} = {E3C2A91F-AABB-455A-89FA-90907155E88E}
	EndGlobalSection
EndGlobal
