
Microsoft Visual Studio Solution File, Format Version 12.00
# Visual Studio Version 17
VisualStudioVersion = 17.8.34309.116
MinimumVisualStudioVersion = 10.0.40219.1
Project("{FAE04EC0-301F-11D3-BF4B-00C04F79EFBC}") = "CrossPlatformLabs", "CrossPlatformLabs\CrossPlatformLabs.csproj", "{17C6AA17-12FB-4256-B785-F85063B7476B}"
EndProject
Global
	GlobalSection(SolutionConfigurationPlatforms) = preSolution
		Debug|Any CPU = Debug|Any CPU
		Release|Any CPU = Release|Any CPU
	EndGlobalSection
	GlobalSection(ProjectConfigurationPlatforms) = postSolution
		{17C6AA17-12FB-4256-B785-F85063B7476B}.Debug|Any CPU.ActiveCfg = Debug|Any CPU
		{17C6AA17-12FB-4256-B785-F85063B7476B}.Debug|Any CPU.Build.0 = Debug|Any CPU
		{17C6AA17-12FB-4256-B785-F85063B7476B}.Release|Any CPU.ActiveCfg = Release|Any CPU
		{17C6AA17-12FB-4256-B785-F85063B7476B}.Release|Any CPU.Build.0 = Release|Any CPU
	EndGlobalSection
	GlobalSection(SolutionProperties) = preSolution
		HideSolutionNode = FALSE
	EndGlobalSection
	GlobalSection(ExtensibilityGlobals) = postSolution
		SolutionGuid = {9AF4D431-9AF0-46FF-BE3D-AB8B4B8FBEA8}
	EndGlobalSection
EndGlobal
